// !$*UTF8*$!
{
	archiveVersion = 1;
	classes = {
	};
	objectVersion = 46;
	objects = {

/* Begin PBXBuildFile section */
		E5134B76182DB4B100805F33 /* FacebookSDK.framework in Frameworks */ = {isa = PBXBuildFile; fileRef = E5134B6A182DB4B100805F33 /* FacebookSDK.framework */; };
		E5134B79182DB4B100805F33 /* base64.c in Sources */ = {isa = PBXBuildFile; fileRef = E5134B6F182DB4B100805F33 /* base64.c */; };
		E5134B7A182DB4B100805F33 /* NSData+SRB64Additions.m in Sources */ = {isa = PBXBuildFile; fileRef = E5134B72182DB4B100805F33 /* NSData+SRB64Additions.m */; };
		E5134B7B182DB4B100805F33 /* SRWebSocket.m in Sources */ = {isa = PBXBuildFile; fileRef = E5134B75182DB4B100805F33 /* SRWebSocket.m */; };
		E5134B87182DBA7700805F33 /* DBChatManager.m in Sources */ = {isa = PBXBuildFile; fileRef = E5134B84182DBA7700805F33 /* DBChatManager.m */; };
		E5134B88182DBA7700805F33 /* DBMessageManager.m in Sources */ = {isa = PBXBuildFile; fileRef = E5134B86182DBA7700805F33 /* DBMessageManager.m */; };
		E5134B96182DBB1D00805F33 /* AppDataModel.m in Sources */ = {isa = PBXBuildFile; fileRef = E5134B90182DBB1D00805F33 /* AppDataModel.m */; };
		E5134B9E182DBC8D00805F33 /* TabBarController.m in Sources */ = {isa = PBXBuildFile; fileRef = E5134B9D182DBC8D00805F33 /* TabBarController.m */; };
		E5134BA5182DBC9800805F33 /* DateFactory.m in Sources */ = {isa = PBXBuildFile; fileRef = E5134BA0182DBC9800805F33 /* DateFactory.m */; };
		E5134BA6182DBC9800805F33 /* Definitions.m in Sources */ = {isa = PBXBuildFile; fileRef = E5134BA2182DBC9800805F33 /* Definitions.m */; };
		E5134BA7182DBC9800805F33 /* PushNoAnimationSegue.m in Sources */ = {isa = PBXBuildFile; fileRef = E5134BA4182DBC9800805F33 /* PushNoAnimationSegue.m */; };
		E5134BA9182DBD8D00805F33 /* SystemConfiguration.framework in Frameworks */ = {isa = PBXBuildFile; fileRef = E5134BA8182DBD8D00805F33 /* SystemConfiguration.framework */; };
		E5134BAB182DBDA000805F33 /* Social.framework in Frameworks */ = {isa = PBXBuildFile; fileRef = E5134BAA182DBDA000805F33 /* Social.framework */; };
		E5134BAD182DBDA600805F33 /* Accounts.framework in Frameworks */ = {isa = PBXBuildFile; fileRef = E5134BAC182DBDA600805F33 /* Accounts.framework */; };
		E5134BAF182DBDAB00805F33 /* Security.framework in Frameworks */ = {isa = PBXBuildFile; fileRef = E5134BAE182DBDAB00805F33 /* Security.framework */; };
		E5134BB0182DBF1F00805F33 /* base64.h in Sources */ = {isa = PBXBuildFile; fileRef = E5134B70182DB4B100805F33 /* base64.h */; };
		E5134BB1182DBF1F00805F33 /* NSData+SRB64Additions.h in Sources */ = {isa = PBXBuildFile; fileRef = E5134B71182DB4B100805F33 /* NSData+SRB64Additions.h */; };
		E5134BB2182DBF1F00805F33 /* SocketRocket-Prefix.pch in Sources */ = {isa = PBXBuildFile; fileRef = E5134B73182DB4B100805F33 /* SocketRocket-Prefix.pch */; };
		E5134BB3182DBF1F00805F33 /* SRWebSocket.h in Sources */ = {isa = PBXBuildFile; fileRef = E5134B74182DB4B100805F33 /* SRWebSocket.h */; };
		E5134BB5182DBF7600805F33 /* CFNetwork.framework in Frameworks */ = {isa = PBXBuildFile; fileRef = E5134BB4182DBF7600805F33 /* CFNetwork.framework */; };
		E5134BB7182DBF7B00805F33 /* libicucore.dylib in Frameworks */ = {isa = PBXBuildFile; fileRef = E5134BB6182DBF7B00805F33 /* libicucore.dylib */; };
		E5134BBB182DC62E00805F33 /* LoginView.m in Sources */ = {isa = PBXBuildFile; fileRef = E5134BBA182DC62E00805F33 /* LoginView.m */; };
		E5134BBE182DC70400805F33 /* LoginFacebookButton.m in Sources */ = {isa = PBXBuildFile; fileRef = E5134BBD182DC70400805F33 /* LoginFacebookButton.m */; };
		E5134BC1182DCB1F00805F33 /* AppCore.m in Sources */ = {isa = PBXBuildFile; fileRef = E5134BC0182DCB1F00805F33 /* AppCore.m */; };
		E5134BC4182DCB2C00805F33 /* loginFacebook-pushed.png in Resources */ = {isa = PBXBuildFile; fileRef = E5134BC2182DCB2C00805F33 /* loginFacebook-pushed.png */; };
		E5134BC5182DCB2C00805F33 /* loginFacebook.png in Resources */ = {isa = PBXBuildFile; fileRef = E5134BC3182DCB2C00805F33 /* loginFacebook.png */; };
		E5134BCC182DD86B00805F33 /* loginFacebook-logout-pushed.png in Resources */ = {isa = PBXBuildFile; fileRef = E5134BC6182DD86B00805F33 /* loginFacebook-logout-pushed.png */; };
		E5134BCD182DD86B00805F33 /* loginFacebook-logout-pushed@2x.png in Resources */ = {isa = PBXBuildFile; fileRef = E5134BC7182DD86B00805F33 /* loginFacebook-logout-pushed@2x.png */; };
		E5134BCE182DD86B00805F33 /* loginFacebook-logout.png in Resources */ = {isa = PBXBuildFile; fileRef = E5134BC8182DD86B00805F33 /* loginFacebook-logout.png */; };
		E5134BCF182DD86B00805F33 /* loginFacebook-logout@2x.png in Resources */ = {isa = PBXBuildFile; fileRef = E5134BC9182DD86B00805F33 /* loginFacebook-logout@2x.png */; };
		E5134BD0182DD86B00805F33 /* loginFacebook-pushed@2x.png in Resources */ = {isa = PBXBuildFile; fileRef = E5134BCA182DD86B00805F33 /* loginFacebook-pushed@2x.png */; };
		E5134BD1182DD86B00805F33 /* loginFacebook@2x.png in Resources */ = {isa = PBXBuildFile; fileRef = E5134BCB182DD86B00805F33 /* loginFacebook@2x.png */; };
		E5134BD5182DE11C00805F33 /* AddFlightView.m in Sources */ = {isa = PBXBuildFile; fileRef = E5134BD4182DE11C00805F33 /* AddFlightView.m */; };
		E5134BD8182DFF4400805F33 /* DBFlightManager.m in Sources */ = {isa = PBXBuildFile; fileRef = E5134BD7182DFF4400805F33 /* DBFlightManager.m */; };
		E5192F34182D66FB00FD21A8 /* Foundation.framework in Frameworks */ = {isa = PBXBuildFile; fileRef = E5192F33182D66FB00FD21A8 /* Foundation.framework */; };
		E5192F36182D66FB00FD21A8 /* CoreGraphics.framework in Frameworks */ = {isa = PBXBuildFile; fileRef = E5192F35182D66FB00FD21A8 /* CoreGraphics.framework */; };
		E5192F38182D66FB00FD21A8 /* UIKit.framework in Frameworks */ = {isa = PBXBuildFile; fileRef = E5192F37182D66FB00FD21A8 /* UIKit.framework */; };
		E5192F3A182D66FB00FD21A8 /* CoreData.framework in Frameworks */ = {isa = PBXBuildFile; fileRef = E5192F39182D66FB00FD21A8 /* CoreData.framework */; };
		E5192F40182D66FB00FD21A8 /* InfoPlist.strings in Resources */ = {isa = PBXBuildFile; fileRef = E5192F3E182D66FB00FD21A8 /* InfoPlist.strings */; };
		E5192F42182D66FB00FD21A8 /* main.m in Sources */ = {isa = PBXBuildFile; fileRef = E5192F41182D66FB00FD21A8 /* main.m */; };
		E5192F46182D66FB00FD21A8 /* AppDelegate.m in Sources */ = {isa = PBXBuildFile; fileRef = E5192F45182D66FB00FD21A8 /* AppDelegate.m */; };
		E5192F49182D66FB00FD21A8 /* Flyrtner.xcdatamodeld in Sources */ = {isa = PBXBuildFile; fileRef = E5192F47182D66FB00FD21A8 /* Flyrtner.xcdatamodeld */; };
		E5192F4B182D66FB00FD21A8 /* Images.xcassets in Resources */ = {isa = PBXBuildFile; fileRef = E5192F4A182D66FB00FD21A8 /* Images.xcassets */; };
		E5192F52182D66FB00FD21A8 /* XCTest.framework in Frameworks */ = {isa = PBXBuildFile; fileRef = E5192F51182D66FB00FD21A8 /* XCTest.framework */; };
		E5192F53182D66FB00FD21A8 /* Foundation.framework in Frameworks */ = {isa = PBXBuildFile; fileRef = E5192F33182D66FB00FD21A8 /* Foundation.framework */; };
		E5192F54182D66FB00FD21A8 /* UIKit.framework in Frameworks */ = {isa = PBXBuildFile; fileRef = E5192F37182D66FB00FD21A8 /* UIKit.framework */; };
		E5192F55182D66FB00FD21A8 /* CoreData.framework in Frameworks */ = {isa = PBXBuildFile; fileRef = E5192F39182D66FB00FD21A8 /* CoreData.framework */; };
		E5192F5D182D66FB00FD21A8 /* InfoPlist.strings in Resources */ = {isa = PBXBuildFile; fileRef = E5192F5B182D66FB00FD21A8 /* InfoPlist.strings */; };
		E5192F5F182D66FB00FD21A8 /* FlyrtnerTests.m in Sources */ = {isa = PBXBuildFile; fileRef = E5192F5E182D66FB00FD21A8 /* FlyrtnerTests.m */; };
		E5192F69182D67DE00FD21A8 /* Flyrtner.storyboard in Resources */ = {isa = PBXBuildFile; fileRef = E5192F68182D67DE00FD21A8 /* Flyrtner.storyboard */; };
		E5192F6D182D6BB800FD21A8 /* FlightCell.m in Sources */ = {isa = PBXBuildFile; fileRef = E5192F6C182D6BB800FD21A8 /* FlightCell.m */; };
		E5192F7B182D6F2800FD21A8 /* FlightView.m in Sources */ = {isa = PBXBuildFile; fileRef = E5192F7A182D6F2800FD21A8 /* FlightView.m */; };
		E5192F8C182D717700FD21A8 /* BaseApi.m in Sources */ = {isa = PBXBuildFile; fileRef = E5192F87182D717700FD21A8 /* BaseApi.m */; };
		E5192F8D182D717700FD21A8 /* ChatApi.m in Sources */ = {isa = PBXBuildFile; fileRef = E5192F89182D717700FD21A8 /* ChatApi.m */; };
		E5192F8E182D717700FD21A8 /* FlyrtnerApi.m in Sources */ = {isa = PBXBuildFile; fileRef = E5192F8B182D717700FD21A8 /* FlyrtnerApi.m */; };
		E5192FA6182D807F00FD21A8 /* DBUser.m in Sources */ = {isa = PBXBuildFile; fileRef = E5192FA5182D807F00FD21A8 /* DBUser.m */; };
		E5192FA9182D808000FD21A8 /* DBChat.m in Sources */ = {isa = PBXBuildFile; fileRef = E5192FA8182D808000FD21A8 /* DBChat.m */; };
		E5192FAC182D808000FD21A8 /* DBFlight.m in Sources */ = {isa = PBXBuildFile; fileRef = E5192FAB182D808000FD21A8 /* DBFlight.m */; };
		E5192FAF182D808000FD21A8 /* DBAd.m in Sources */ = {isa = PBXBuildFile; fileRef = E5192FAE182D808000FD21A8 /* DBAd.m */; };
		E5192FB2182D808000FD21A8 /* DBMessage.m in Sources */ = {isa = PBXBuildFile; fileRef = E5192FB1182D808000FD21A8 /* DBMessage.m */; };
		E5192FB6182D809F00FD21A8 /* Flight.m in Sources */ = {isa = PBXBuildFile; fileRef = E5192FB5182D809F00FD21A8 /* Flight.m */; };
		E5192FB9182D94B400FD21A8 /* person-anonymous.png in Resources */ = {isa = PBXBuildFile; fileRef = E5192FB7182D94B400FD21A8 /* person-anonymous.png */; };
		E5192FBA182D94B400FD21A8 /* pink.png in Resources */ = {isa = PBXBuildFile; fileRef = E5192FB8182D94B400FD21A8 /* pink.png */; };
		E5192FBD182D950600FD21A8 /* black.png in Resources */ = {isa = PBXBuildFile; fileRef = E5192FBB182D950600FD21A8 /* black.png */; };
		E5192FBE182D950600FD21A8 /* white.png in Resources */ = {isa = PBXBuildFile; fileRef = E5192FBC182D950600FD21A8 /* white.png */; };
		E5192FC1182D955500FD21A8 /* PeopleView.m in Sources */ = {isa = PBXBuildFile; fileRef = E5192FC0182D955500FD21A8 /* PeopleView.m */; };
		E5192FC7182D95C100FD21A8 /* ChatView.m in Sources */ = {isa = PBXBuildFile; fileRef = E5192FC6182D95C100FD21A8 /* ChatView.m */; };
		E5192FD1182D96B000FD21A8 /* ConversationView.m in Sources */ = {isa = PBXBuildFile; fileRef = E5192FD0182D96B000FD21A8 /* ConversationView.m */; };
		E5192FD4182D96C900FD21A8 /* ConversationCell.m in Sources */ = {isa = PBXBuildFile; fileRef = E5192FD3182D96C900FD21A8 /* ConversationCell.m */; };
		E5192FD7182D96E600FD21A8 /* TaxiCell.m in Sources */ = {isa = PBXBuildFile; fileRef = E5192FD6182D96E600FD21A8 /* TaxiCell.m */; };
		E5192FDA182D96FD00FD21A8 /* TaxiView.m in Sources */ = {isa = PBXBuildFile; fileRef = E5192FD9182D96FD00FD21A8 /* TaxiView.m */; };
		E5192FDF182D98B700FD21A8 /* icon-chat.png in Resources */ = {isa = PBXBuildFile; fileRef = E5192FDC182D98B700FD21A8 /* icon-chat.png */; };
		E5192FE0182D98B700FD21A8 /* icon-people.png in Resources */ = {isa = PBXBuildFile; fileRef = E5192FDD182D98B700FD21A8 /* icon-people.png */; };
		E5192FE1182D98B700FD21A8 /* icon-taxi.png in Resources */ = {isa = PBXBuildFile; fileRef = E5192FDE182D98B700FD21A8 /* icon-taxi.png */; };
		E5192FE9182D9A4F00FD21A8 /* icon-chat@2x.png in Resources */ = {isa = PBXBuildFile; fileRef = E5192FE6182D9A4F00FD21A8 /* icon-chat@2x.png */; };
		E5192FEA182D9A4F00FD21A8 /* icon-people@2x.png in Resources */ = {isa = PBXBuildFile; fileRef = E5192FE7182D9A4F00FD21A8 /* icon-people@2x.png */; };
		E5192FEB182D9A4F00FD21A8 /* icon-taxi@2x.png in Resources */ = {isa = PBXBuildFile; fileRef = E5192FE8182D9A4F00FD21A8 /* icon-taxi@2x.png */; };
		E5192FEE182D9F7900FD21A8 /* Taxi.m in Sources */ = {isa = PBXBuildFile; fileRef = E5192FED182D9F7900FD21A8 /* Taxi.m */; };
		E5192FF1182D9FF100FD21A8 /* Person.m in Sources */ = {isa = PBXBuildFile; fileRef = E5192FF0182D9FF100FD21A8 /* Person.m */; };
		E5192FF7182DA0C100FD21A8 /* Message.m in Sources */ = {isa = PBXBuildFile; fileRef = E5192FF6182DA0C100FD21A8 /* Message.m */; };
		E5192FFA182DA2C000FD21A8 /* PeopleCell.m in Sources */ = {isa = PBXBuildFile; fileRef = E5192FF9182DA2C000FD21A8 /* PeopleCell.m */; };
/* End PBXBuildFile section */

/* Begin PBXContainerItemProxy section */
		E5192F56182D66FB00FD21A8 /* PBXContainerItemProxy */ = {
			isa = PBXContainerItemProxy;
			containerPortal = E5192F28182D66FB00FD21A8 /* Project object */;
			proxyType = 1;
			remoteGlobalIDString = E5192F2F182D66FB00FD21A8;
			remoteInfo = Flyrtner;
		};
/* End PBXContainerItemProxy section */

/* Begin PBXFileReference section */
		E5134B6A182DB4B100805F33 /* FacebookSDK.framework */ = {isa = PBXFileReference; lastKnownFileType = wrapper.framework; path = FacebookSDK.framework; sourceTree = "<group>"; };
		E5134B6F182DB4B100805F33 /* base64.c */ = {isa = PBXFileReference; fileEncoding = 4; lastKnownFileType = sourcecode.c.c; path = base64.c; sourceTree = "<group>"; };
		E5134B70182DB4B100805F33 /* base64.h */ = {isa = PBXFileReference; fileEncoding = 4; lastKnownFileType = sourcecode.c.h; path = base64.h; sourceTree = "<group>"; };
		E5134B71182DB4B100805F33 /* NSData+SRB64Additions.h */ = {isa = PBXFileReference; fileEncoding = 4; lastKnownFileType = sourcecode.c.h; path = "NSData+SRB64Additions.h"; sourceTree = "<group>"; };
		E5134B72182DB4B100805F33 /* NSData+SRB64Additions.m */ = {isa = PBXFileReference; fileEncoding = 4; lastKnownFileType = sourcecode.c.objc; path = "NSData+SRB64Additions.m"; sourceTree = "<group>"; };
		E5134B73182DB4B100805F33 /* SocketRocket-Prefix.pch */ = {isa = PBXFileReference; fileEncoding = 4; lastKnownFileType = sourcecode.c.h; path = "SocketRocket-Prefix.pch"; sourceTree = "<group>"; };
		E5134B74182DB4B100805F33 /* SRWebSocket.h */ = {isa = PBXFileReference; fileEncoding = 4; lastKnownFileType = sourcecode.c.h; path = SRWebSocket.h; sourceTree = "<group>"; };
		E5134B75182DB4B100805F33 /* SRWebSocket.m */ = {isa = PBXFileReference; fileEncoding = 4; lastKnownFileType = sourcecode.c.objc; path = SRWebSocket.m; sourceTree = "<group>"; };
		E5134B83182DBA7700805F33 /* DBChatManager.h */ = {isa = PBXFileReference; fileEncoding = 4; lastKnownFileType = sourcecode.c.h; path = DBChatManager.h; sourceTree = "<group>"; };
		E5134B84182DBA7700805F33 /* DBChatManager.m */ = {isa = PBXFileReference; fileEncoding = 4; lastKnownFileType = sourcecode.c.objc; path = DBChatManager.m; sourceTree = "<group>"; };
		E5134B85182DBA7700805F33 /* DBMessageManager.h */ = {isa = PBXFileReference; fileEncoding = 4; lastKnownFileType = sourcecode.c.h; path = DBMessageManager.h; sourceTree = "<group>"; };
		E5134B86182DBA7700805F33 /* DBMessageManager.m */ = {isa = PBXFileReference; fileEncoding = 4; lastKnownFileType = sourcecode.c.objc; path = DBMessageManager.m; sourceTree = "<group>"; };
		E5134B8F182DBB1D00805F33 /* AppDataModel.h */ = {isa = PBXFileReference; fileEncoding = 4; lastKnownFileType = sourcecode.c.h; name = AppDataModel.h; path = DataBase/AppDataModel.h; sourceTree = "<group>"; };
		E5134B90182DBB1D00805F33 /* AppDataModel.m */ = {isa = PBXFileReference; fileEncoding = 4; lastKnownFileType = sourcecode.c.objc; name = AppDataModel.m; path = DataBase/AppDataModel.m; sourceTree = "<group>"; };
		E5134B9C182DBC8D00805F33 /* TabBarController.h */ = {isa = PBXFileReference; fileEncoding = 4; lastKnownFileType = sourcecode.c.h; path = TabBarController.h; sourceTree = "<group>"; };
		E5134B9D182DBC8D00805F33 /* TabBarController.m */ = {isa = PBXFileReference; fileEncoding = 4; lastKnownFileType = sourcecode.c.objc; path = TabBarController.m; sourceTree = "<group>"; };
		E5134B9F182DBC9800805F33 /* DateFactory.h */ = {isa = PBXFileReference; fileEncoding = 4; lastKnownFileType = sourcecode.c.h; name = DateFactory.h; path = Resources/Classes/DateFactory.h; sourceTree = "<group>"; };
		E5134BA0182DBC9800805F33 /* DateFactory.m */ = {isa = PBXFileReference; fileEncoding = 4; lastKnownFileType = sourcecode.c.objc; name = DateFactory.m; path = Resources/Classes/DateFactory.m; sourceTree = "<group>"; };
		E5134BA1182DBC9800805F33 /* Definitions.h */ = {isa = PBXFileReference; fileEncoding = 4; lastKnownFileType = sourcecode.c.h; name = Definitions.h; path = Resources/Classes/Definitions.h; sourceTree = "<group>"; };
		E5134BA2182DBC9800805F33 /* Definitions.m */ = {isa = PBXFileReference; fileEncoding = 4; lastKnownFileType = sourcecode.c.objc; name = Definitions.m; path = Resources/Classes/Definitions.m; sourceTree = "<group>"; };
		E5134BA3182DBC9800805F33 /* PushNoAnimationSegue.h */ = {isa = PBXFileReference; fileEncoding = 4; lastKnownFileType = sourcecode.c.h; name = PushNoAnimationSegue.h; path = Resources/Classes/PushNoAnimationSegue.h; sourceTree = "<group>"; };
		E5134BA4182DBC9800805F33 /* PushNoAnimationSegue.m */ = {isa = PBXFileReference; fileEncoding = 4; lastKnownFileType = sourcecode.c.objc; name = PushNoAnimationSegue.m; path = Resources/Classes/PushNoAnimationSegue.m; sourceTree = "<group>"; };
		E5134BA8182DBD8D00805F33 /* SystemConfiguration.framework */ = {isa = PBXFileReference; lastKnownFileType = wrapper.framework; name = SystemConfiguration.framework; path = System/Library/Frameworks/SystemConfiguration.framework; sourceTree = SDKROOT; };
		E5134BAA182DBDA000805F33 /* Social.framework */ = {isa = PBXFileReference; lastKnownFileType = wrapper.framework; name = Social.framework; path = System/Library/Frameworks/Social.framework; sourceTree = SDKROOT; };
		E5134BAC182DBDA600805F33 /* Accounts.framework */ = {isa = PBXFileReference; lastKnownFileType = wrapper.framework; name = Accounts.framework; path = System/Library/Frameworks/Accounts.framework; sourceTree = SDKROOT; };
		E5134BAE182DBDAB00805F33 /* Security.framework */ = {isa = PBXFileReference; lastKnownFileType = wrapper.framework; name = Security.framework; path = System/Library/Frameworks/Security.framework; sourceTree = SDKROOT; };
		E5134BB4182DBF7600805F33 /* CFNetwork.framework */ = {isa = PBXFileReference; lastKnownFileType = wrapper.framework; name = CFNetwork.framework; path = System/Library/Frameworks/CFNetwork.framework; sourceTree = SDKROOT; };
		E5134BB6182DBF7B00805F33 /* libicucore.dylib */ = {isa = PBXFileReference; lastKnownFileType = "compiled.mach-o.dylib"; name = libicucore.dylib; path = usr/lib/libicucore.dylib; sourceTree = SDKROOT; };
		E5134BB9182DC62E00805F33 /* LoginView.h */ = {isa = PBXFileReference; fileEncoding = 4; lastKnownFileType = sourcecode.c.h; name = LoginView.h; path = Login/LoginView.h; sourceTree = "<group>"; };
		E5134BBA182DC62E00805F33 /* LoginView.m */ = {isa = PBXFileReference; fileEncoding = 4; lastKnownFileType = sourcecode.c.objc; name = LoginView.m; path = Login/LoginView.m; sourceTree = "<group>"; };
		E5134BBC182DC70400805F33 /* LoginFacebookButton.h */ = {isa = PBXFileReference; fileEncoding = 4; lastKnownFileType = sourcecode.c.h; name = LoginFacebookButton.h; path = Login/LoginFacebookButton.h; sourceTree = "<group>"; };
		E5134BBD182DC70400805F33 /* LoginFacebookButton.m */ = {isa = PBXFileReference; fileEncoding = 4; lastKnownFileType = sourcecode.c.objc; name = LoginFacebookButton.m; path = Login/LoginFacebookButton.m; sourceTree = "<group>"; };
		E5134BBF182DCB1F00805F33 /* AppCore.h */ = {isa = PBXFileReference; fileEncoding = 4; lastKnownFileType = sourcecode.c.h; name = AppCore.h; path = Resources/Classes/AppCore.h; sourceTree = "<group>"; };
		E5134BC0182DCB1F00805F33 /* AppCore.m */ = {isa = PBXFileReference; fileEncoding = 4; lastKnownFileType = sourcecode.c.objc; name = AppCore.m; path = Resources/Classes/AppCore.m; sourceTree = "<group>"; };
		E5134BC2182DCB2C00805F33 /* loginFacebook-pushed.png */ = {isa = PBXFileReference; lastKnownFileType = image.png; name = "loginFacebook-pushed.png"; path = "Resources/Images/loginFacebook-pushed.png"; sourceTree = "<group>"; };
		E5134BC3182DCB2C00805F33 /* loginFacebook.png */ = {isa = PBXFileReference; lastKnownFileType = image.png; name = loginFacebook.png; path = Resources/Images/loginFacebook.png; sourceTree = "<group>"; };
		E5134BC6182DD86B00805F33 /* loginFacebook-logout-pushed.png */ = {isa = PBXFileReference; lastKnownFileType = image.png; name = "loginFacebook-logout-pushed.png"; path = "Resources/Images/loginFacebook-logout-pushed.png"; sourceTree = "<group>"; };
		E5134BC7182DD86B00805F33 /* loginFacebook-logout-pushed@2x.png */ = {isa = PBXFileReference; lastKnownFileType = image.png; name = "loginFacebook-logout-pushed@2x.png"; path = "Resources/Images/loginFacebook-logout-pushed@2x.png"; sourceTree = "<group>"; };
		E5134BC8182DD86B00805F33 /* loginFacebook-logout.png */ = {isa = PBXFileReference; lastKnownFileType = image.png; name = "loginFacebook-logout.png"; path = "Resources/Images/loginFacebook-logout.png"; sourceTree = "<group>"; };
		E5134BC9182DD86B00805F33 /* loginFacebook-logout@2x.png */ = {isa = PBXFileReference; lastKnownFileType = image.png; name = "loginFacebook-logout@2x.png"; path = "Resources/Images/loginFacebook-logout@2x.png"; sourceTree = "<group>"; };
		E5134BCA182DD86B00805F33 /* loginFacebook-pushed@2x.png */ = {isa = PBXFileReference; lastKnownFileType = image.png; name = "loginFacebook-pushed@2x.png"; path = "Resources/Images/loginFacebook-pushed@2x.png"; sourceTree = "<group>"; };
		E5134BCB182DD86B00805F33 /* loginFacebook@2x.png */ = {isa = PBXFileReference; lastKnownFileType = image.png; name = "loginFacebook@2x.png"; path = "Resources/Images/loginFacebook@2x.png"; sourceTree = "<group>"; };
		E5134BD3182DE11C00805F33 /* AddFlightView.h */ = {isa = PBXFileReference; fileEncoding = 4; lastKnownFileType = sourcecode.c.h; name = AddFlightView.h; path = Flight/AddFlightView.h; sourceTree = "<group>"; };
		E5134BD4182DE11C00805F33 /* AddFlightView.m */ = {isa = PBXFileReference; fileEncoding = 4; lastKnownFileType = sourcecode.c.objc; name = AddFlightView.m; path = Flight/AddFlightView.m; sourceTree = "<group>"; };
		E5134BD6182DFF4400805F33 /* DBFlightManager.h */ = {isa = PBXFileReference; fileEncoding = 4; lastKnownFileType = sourcecode.c.h; path = DBFlightManager.h; sourceTree = "<group>"; };
		E5134BD7182DFF4400805F33 /* DBFlightManager.m */ = {isa = PBXFileReference; fileEncoding = 4; lastKnownFileType = sourcecode.c.objc; path = DBFlightManager.m; sourceTree = "<group>"; };
		E5192F30182D66FB00FD21A8 /* Flyrtner.app */ = {isa = PBXFileReference; explicitFileType = wrapper.application; includeInIndex = 0; path = Flyrtner.app; sourceTree = BUILT_PRODUCTS_DIR; };
		E5192F33182D66FB00FD21A8 /* Foundation.framework */ = {isa = PBXFileReference; lastKnownFileType = wrapper.framework; name = Foundation.framework; path = System/Library/Frameworks/Foundation.framework; sourceTree = SDKROOT; };
		E5192F35182D66FB00FD21A8 /* CoreGraphics.framework */ = {isa = PBXFileReference; lastKnownFileType = wrapper.framework; name = CoreGraphics.framework; path = System/Library/Frameworks/CoreGraphics.framework; sourceTree = SDKROOT; };
		E5192F37182D66FB00FD21A8 /* UIKit.framework */ = {isa = PBXFileReference; lastKnownFileType = wrapper.framework; name = UIKit.framework; path = System/Library/Frameworks/UIKit.framework; sourceTree = SDKROOT; };
		E5192F39182D66FB00FD21A8 /* CoreData.framework */ = {isa = PBXFileReference; lastKnownFileType = wrapper.framework; name = CoreData.framework; path = System/Library/Frameworks/CoreData.framework; sourceTree = SDKROOT; };
		E5192F3D182D66FB00FD21A8 /* Flyrtner-Info.plist */ = {isa = PBXFileReference; lastKnownFileType = text.plist.xml; path = "Flyrtner-Info.plist"; sourceTree = "<group>"; };
		E5192F3F182D66FB00FD21A8 /* en */ = {isa = PBXFileReference; lastKnownFileType = text.plist.strings; name = en; path = en.lproj/InfoPlist.strings; sourceTree = "<group>"; };
		E5192F41182D66FB00FD21A8 /* main.m */ = {isa = PBXFileReference; lastKnownFileType = sourcecode.c.objc; path = main.m; sourceTree = "<group>"; };
		E5192F43182D66FB00FD21A8 /* Flyrtner-Prefix.pch */ = {isa = PBXFileReference; lastKnownFileType = sourcecode.c.h; path = "Flyrtner-Prefix.pch"; sourceTree = "<group>"; };
		E5192F44182D66FB00FD21A8 /* AppDelegate.h */ = {isa = PBXFileReference; lastKnownFileType = sourcecode.c.h; path = AppDelegate.h; sourceTree = "<group>"; };
		E5192F45182D66FB00FD21A8 /* AppDelegate.m */ = {isa = PBXFileReference; lastKnownFileType = sourcecode.c.objc; path = AppDelegate.m; sourceTree = "<group>"; };
		E5192F48182D66FB00FD21A8 /* Flyrtner.xcdatamodel */ = {isa = PBXFileReference; lastKnownFileType = wrapper.xcdatamodel; path = Flyrtner.xcdatamodel; sourceTree = "<group>"; };
		E5192F4A182D66FB00FD21A8 /* Images.xcassets */ = {isa = PBXFileReference; lastKnownFileType = folder.assetcatalog; path = Images.xcassets; sourceTree = "<group>"; };
		E5192F50182D66FB00FD21A8 /* FlyrtnerTests.xctest */ = {isa = PBXFileReference; explicitFileType = wrapper.cfbundle; includeInIndex = 0; path = FlyrtnerTests.xctest; sourceTree = BUILT_PRODUCTS_DIR; };
		E5192F51182D66FB00FD21A8 /* XCTest.framework */ = {isa = PBXFileReference; lastKnownFileType = wrapper.framework; name = XCTest.framework; path = Library/Frameworks/XCTest.framework; sourceTree = DEVELOPER_DIR; };
		E5192F5A182D66FB00FD21A8 /* FlyrtnerTests-Info.plist */ = {isa = PBXFileReference; lastKnownFileType = text.plist.xml; path = "FlyrtnerTests-Info.plist"; sourceTree = "<group>"; };
		E5192F5C182D66FB00FD21A8 /* en */ = {isa = PBXFileReference; lastKnownFileType = text.plist.strings; name = en; path = en.lproj/InfoPlist.strings; sourceTree = "<group>"; };
		E5192F5E182D66FB00FD21A8 /* FlyrtnerTests.m */ = {isa = PBXFileReference; lastKnownFileType = sourcecode.c.objc; path = FlyrtnerTests.m; sourceTree = "<group>"; };
		E5192F68182D67DE00FD21A8 /* Flyrtner.storyboard */ = {isa = PBXFileReference; fileEncoding = 4; lastKnownFileType = file.storyboard; path = Flyrtner.storyboard; sourceTree = "<group>"; };
		E5192F6B182D6BB800FD21A8 /* FlightCell.h */ = {isa = PBXFileReference; fileEncoding = 4; lastKnownFileType = sourcecode.c.h; name = FlightCell.h; path = Flight/FlightCell.h; sourceTree = "<group>"; };
		E5192F6C182D6BB800FD21A8 /* FlightCell.m */ = {isa = PBXFileReference; fileEncoding = 4; lastKnownFileType = sourcecode.c.objc; name = FlightCell.m; path = Flight/FlightCell.m; sourceTree = "<group>"; };
		E5192F79182D6F2800FD21A8 /* FlightView.h */ = {isa = PBXFileReference; fileEncoding = 4; lastKnownFileType = sourcecode.c.h; name = FlightView.h; path = Flight/FlightView.h; sourceTree = "<group>"; };
		E5192F7A182D6F2800FD21A8 /* FlightView.m */ = {isa = PBXFileReference; fileEncoding = 4; lastKnownFileType = sourcecode.c.objc; name = FlightView.m; path = Flight/FlightView.m; sourceTree = "<group>"; };
		E5192F86182D717700FD21A8 /* BaseApi.h */ = {isa = PBXFileReference; fileEncoding = 4; lastKnownFileType = sourcecode.c.h; name = BaseApi.h; path = API/BaseApi.h; sourceTree = "<group>"; };
		E5192F87182D717700FD21A8 /* BaseApi.m */ = {isa = PBXFileReference; fileEncoding = 4; lastKnownFileType = sourcecode.c.objc; name = BaseApi.m; path = API/BaseApi.m; sourceTree = "<group>"; };
		E5192F88182D717700FD21A8 /* ChatApi.h */ = {isa = PBXFileReference; fileEncoding = 4; lastKnownFileType = sourcecode.c.h; name = ChatApi.h; path = API/ChatApi.h; sourceTree = "<group>"; };
		E5192F89182D717700FD21A8 /* ChatApi.m */ = {isa = PBXFileReference; fileEncoding = 4; lastKnownFileType = sourcecode.c.objc; name = ChatApi.m; path = API/ChatApi.m; sourceTree = "<group>"; };
		E5192F8A182D717700FD21A8 /* FlyrtnerApi.h */ = {isa = PBXFileReference; fileEncoding = 4; lastKnownFileType = sourcecode.c.h; name = FlyrtnerApi.h; path = API/FlyrtnerApi.h; sourceTree = "<group>"; };
		E5192F8B182D717700FD21A8 /* FlyrtnerApi.m */ = {isa = PBXFileReference; fileEncoding = 4; lastKnownFileType = sourcecode.c.objc; name = FlyrtnerApi.m; path = API/FlyrtnerApi.m; sourceTree = "<group>"; };
		E5192FA4182D807F00FD21A8 /* DBUser.h */ = {isa = PBXFileReference; fileEncoding = 4; lastKnownFileType = sourcecode.c.h; name = DBUser.h; path = DataBase/DBUser.h; sourceTree = "<group>"; };
		E5192FA5182D807F00FD21A8 /* DBUser.m */ = {isa = PBXFileReference; fileEncoding = 4; lastKnownFileType = sourcecode.c.objc; name = DBUser.m; path = DataBase/DBUser.m; sourceTree = "<group>"; };
		E5192FA7182D808000FD21A8 /* DBChat.h */ = {isa = PBXFileReference; fileEncoding = 4; lastKnownFileType = sourcecode.c.h; name = DBChat.h; path = DataBase/DBChat.h; sourceTree = "<group>"; };
		E5192FA8182D808000FD21A8 /* DBChat.m */ = {isa = PBXFileReference; fileEncoding = 4; lastKnownFileType = sourcecode.c.objc; name = DBChat.m; path = DataBase/DBChat.m; sourceTree = "<group>"; };
		E5192FAA182D808000FD21A8 /* DBFlight.h */ = {isa = PBXFileReference; fileEncoding = 4; lastKnownFileType = sourcecode.c.h; name = DBFlight.h; path = DataBase/DBFlight.h; sourceTree = "<group>"; };
		E5192FAB182D808000FD21A8 /* DBFlight.m */ = {isa = PBXFileReference; fileEncoding = 4; lastKnownFileType = sourcecode.c.objc; name = DBFlight.m; path = DataBase/DBFlight.m; sourceTree = "<group>"; };
		E5192FAD182D808000FD21A8 /* DBAd.h */ = {isa = PBXFileReference; fileEncoding = 4; lastKnownFileType = sourcecode.c.h; name = DBAd.h; path = DataBase/DBAd.h; sourceTree = "<group>"; };
		E5192FAE182D808000FD21A8 /* DBAd.m */ = {isa = PBXFileReference; fileEncoding = 4; lastKnownFileType = sourcecode.c.objc; name = DBAd.m; path = DataBase/DBAd.m; sourceTree = "<group>"; };
		E5192FB0182D808000FD21A8 /* DBMessage.h */ = {isa = PBXFileReference; fileEncoding = 4; lastKnownFileType = sourcecode.c.h; name = DBMessage.h; path = DataBase/DBMessage.h; sourceTree = "<group>"; };
		E5192FB1182D808000FD21A8 /* DBMessage.m */ = {isa = PBXFileReference; fileEncoding = 4; lastKnownFileType = sourcecode.c.objc; name = DBMessage.m; path = DataBase/DBMessage.m; sourceTree = "<group>"; };
		E5192FB4182D809F00FD21A8 /* Flight.h */ = {isa = PBXFileReference; fileEncoding = 4; lastKnownFileType = sourcecode.c.h; name = Flight.h; path = Model/Flight.h; sourceTree = "<group>"; };
		E5192FB5182D809F00FD21A8 /* Flight.m */ = {isa = PBXFileReference; fileEncoding = 4; lastKnownFileType = sourcecode.c.objc; name = Flight.m; path = Model/Flight.m; sourceTree = "<group>"; };
		E5192FB7182D94B400FD21A8 /* person-anonymous.png */ = {isa = PBXFileReference; lastKnownFileType = image.png; name = "person-anonymous.png"; path = "Resources/Images/person-anonymous.png"; sourceTree = "<group>"; };
		E5192FB8182D94B400FD21A8 /* pink.png */ = {isa = PBXFileReference; lastKnownFileType = image.png; name = pink.png; path = Resources/Images/pink.png; sourceTree = "<group>"; };
		E5192FBB182D950600FD21A8 /* black.png */ = {isa = PBXFileReference; lastKnownFileType = image.png; name = black.png; path = Resources/Images/black.png; sourceTree = "<group>"; };
		E5192FBC182D950600FD21A8 /* white.png */ = {isa = PBXFileReference; lastKnownFileType = image.png; name = white.png; path = Resources/Images/white.png; sourceTree = "<group>"; };
		E5192FBF182D955500FD21A8 /* PeopleView.h */ = {isa = PBXFileReference; fileEncoding = 4; lastKnownFileType = sourcecode.c.h; name = PeopleView.h; path = People/PeopleView.h; sourceTree = "<group>"; };
		E5192FC0182D955500FD21A8 /* PeopleView.m */ = {isa = PBXFileReference; fileEncoding = 4; lastKnownFileType = sourcecode.c.objc; name = PeopleView.m; path = People/PeopleView.m; sourceTree = "<group>"; };
		E5192FC5182D95C100FD21A8 /* ChatView.h */ = {isa = PBXFileReference; fileEncoding = 4; lastKnownFileType = sourcecode.c.h; name = ChatView.h; path = Chat/ChatView.h; sourceTree = "<group>"; };
		E5192FC6182D95C100FD21A8 /* ChatView.m */ = {isa = PBXFileReference; fileEncoding = 4; lastKnownFileType = sourcecode.c.objc; name = ChatView.m; path = Chat/ChatView.m; sourceTree = "<group>"; };
		E5192FCF182D96B000FD21A8 /* ConversationView.h */ = {isa = PBXFileReference; fileEncoding = 4; lastKnownFileType = sourcecode.c.h; name = ConversationView.h; path = Conversation/ConversationView.h; sourceTree = "<group>"; };
		E5192FD0182D96B000FD21A8 /* ConversationView.m */ = {isa = PBXFileReference; fileEncoding = 4; lastKnownFileType = sourcecode.c.objc; name = ConversationView.m; path = Conversation/ConversationView.m; sourceTree = "<group>"; };
		E5192FD2182D96C900FD21A8 /* ConversationCell.h */ = {isa = PBXFileReference; fileEncoding = 4; lastKnownFileType = sourcecode.c.h; name = ConversationCell.h; path = Conversation/ConversationCell.h; sourceTree = "<group>"; };
		E5192FD3182D96C900FD21A8 /* ConversationCell.m */ = {isa = PBXFileReference; fileEncoding = 4; lastKnownFileType = sourcecode.c.objc; name = ConversationCell.m; path = Conversation/ConversationCell.m; sourceTree = "<group>"; };
		E5192FD5182D96E600FD21A8 /* TaxiCell.h */ = {isa = PBXFileReference; fileEncoding = 4; lastKnownFileType = sourcecode.c.h; name = TaxiCell.h; path = Taxi/TaxiCell.h; sourceTree = "<group>"; };
		E5192FD6182D96E600FD21A8 /* TaxiCell.m */ = {isa = PBXFileReference; fileEncoding = 4; lastKnownFileType = sourcecode.c.objc; name = TaxiCell.m; path = Taxi/TaxiCell.m; sourceTree = "<group>"; };
		E5192FD8182D96FD00FD21A8 /* TaxiView.h */ = {isa = PBXFileReference; fileEncoding = 4; lastKnownFileType = sourcecode.c.h; name = TaxiView.h; path = Taxi/TaxiView.h; sourceTree = "<group>"; };
		E5192FD9182D96FD00FD21A8 /* TaxiView.m */ = {isa = PBXFileReference; fileEncoding = 4; lastKnownFileType = sourcecode.c.objc; name = TaxiView.m; path = Taxi/TaxiView.m; sourceTree = "<group>"; };
		E5192FDC182D98B700FD21A8 /* icon-chat.png */ = {isa = PBXFileReference; lastKnownFileType = image.png; name = "icon-chat.png"; path = "Resources/Images/icon-chat.png"; sourceTree = "<group>"; };
		E5192FDD182D98B700FD21A8 /* icon-people.png */ = {isa = PBXFileReference; lastKnownFileType = image.png; name = "icon-people.png"; path = "Resources/Images/icon-people.png"; sourceTree = "<group>"; };
		E5192FDE182D98B700FD21A8 /* icon-taxi.png */ = {isa = PBXFileReference; lastKnownFileType = image.png; name = "icon-taxi.png"; path = "Resources/Images/icon-taxi.png"; sourceTree = "<group>"; };
		E5192FE6182D9A4F00FD21A8 /* icon-chat@2x.png */ = {isa = PBXFileReference; lastKnownFileType = image.png; name = "icon-chat@2x.png"; path = "Resources/Images/icon-chat@2x.png"; sourceTree = "<group>"; };
		E5192FE7182D9A4F00FD21A8 /* icon-people@2x.png */ = {isa = PBXFileReference; lastKnownFileType = image.png; name = "icon-people@2x.png"; path = "Resources/Images/icon-people@2x.png"; sourceTree = "<group>"; };
		E5192FE8182D9A4F00FD21A8 /* icon-taxi@2x.png */ = {isa = PBXFileReference; lastKnownFileType = image.png; name = "icon-taxi@2x.png"; path = "Resources/Images/icon-taxi@2x.png"; sourceTree = "<group>"; };
		E5192FEC182D9F7900FD21A8 /* Taxi.h */ = {isa = PBXFileReference; fileEncoding = 4; lastKnownFileType = sourcecode.c.h; name = Taxi.h; path = Model/Taxi.h; sourceTree = "<group>"; };
		E5192FED182D9F7900FD21A8 /* Taxi.m */ = {isa = PBXFileReference; fileEncoding = 4; lastKnownFileType = sourcecode.c.objc; name = Taxi.m; path = Model/Taxi.m; sourceTree = "<group>"; };
		E5192FEF182D9FF100FD21A8 /* Person.h */ = {isa = PBXFileReference; fileEncoding = 4; lastKnownFileType = sourcecode.c.h; name = Person.h; path = Model/Person.h; sourceTree = "<group>"; };
		E5192FF0182D9FF100FD21A8 /* Person.m */ = {isa = PBXFileReference; fileEncoding = 4; lastKnownFileType = sourcecode.c.objc; name = Person.m; path = Model/Person.m; sourceTree = "<group>"; };
		E5192FF5182DA0C100FD21A8 /* Message.h */ = {isa = PBXFileReference; fileEncoding = 4; lastKnownFileType = sourcecode.c.h; name = Message.h; path = Model/Message.h; sourceTree = "<group>"; };
		E5192FF6182DA0C100FD21A8 /* Message.m */ = {isa = PBXFileReference; fileEncoding = 4; lastKnownFileType = sourcecode.c.objc; name = Message.m; path = Model/Message.m; sourceTree = "<group>"; };
		E5192FF8182DA2C000FD21A8 /* PeopleCell.h */ = {isa = PBXFileReference; fileEncoding = 4; lastKnownFileType = sourcecode.c.h; name = PeopleCell.h; path = People/PeopleCell.h; sourceTree = "<group>"; };
		E5192FF9182DA2C000FD21A8 /* PeopleCell.m */ = {isa = PBXFileReference; fileEncoding = 4; lastKnownFileType = sourcecode.c.objc; name = PeopleCell.m; path = People/PeopleCell.m; sourceTree = "<group>"; };
/* End PBXFileReference section */

/* Begin PBXFrameworksBuildPhase section */
		E5192F2D182D66FB00FD21A8 /* Frameworks */ = {
			isa = PBXFrameworksBuildPhase;
			buildActionMask = 2147483647;
			files = (
				E5134BB7182DBF7B00805F33 /* libicucore.dylib in Frameworks */,
				E5134BB5182DBF7600805F33 /* CFNetwork.framework in Frameworks */,
				E5134BAF182DBDAB00805F33 /* Security.framework in Frameworks */,
				E5134BAD182DBDA600805F33 /* Accounts.framework in Frameworks */,
				E5134BAB182DBDA000805F33 /* Social.framework in Frameworks */,
				E5134BA9182DBD8D00805F33 /* SystemConfiguration.framework in Frameworks */,
				E5192F36182D66FB00FD21A8 /* CoreGraphics.framework in Frameworks */,
				E5134B76182DB4B100805F33 /* FacebookSDK.framework in Frameworks */,
				E5192F3A182D66FB00FD21A8 /* CoreData.framework in Frameworks */,
				E5192F38182D66FB00FD21A8 /* UIKit.framework in Frameworks */,
				E5192F34182D66FB00FD21A8 /* Foundation.framework in Frameworks */,
			);
			runOnlyForDeploymentPostprocessing = 0;
		};
		E5192F4D182D66FB00FD21A8 /* Frameworks */ = {
			isa = PBXFrameworksBuildPhase;
			buildActionMask = 2147483647;
			files = (
				E5192F52182D66FB00FD21A8 /* XCTest.framework in Frameworks */,
				E5192F55182D66FB00FD21A8 /* CoreData.framework in Frameworks */,
				E5192F54182D66FB00FD21A8 /* UIKit.framework in Frameworks */,
				E5192F53182D66FB00FD21A8 /* Foundation.framework in Frameworks */,
			);
			runOnlyForDeploymentPostprocessing = 0;
		};
/* End PBXFrameworksBuildPhase section */

/* Begin PBXGroup section */
		E5134B69182DB2FE00805F33 /* Classes */ = {
			isa = PBXGroup;
			children = (
				E5134BBF182DCB1F00805F33 /* AppCore.h */,
				E5134BC0182DCB1F00805F33 /* AppCore.m */,
				E5134B9F182DBC9800805F33 /* DateFactory.h */,
				E5134BA0182DBC9800805F33 /* DateFactory.m */,
				E5134BA3182DBC9800805F33 /* PushNoAnimationSegue.h */,
				E5134BA4182DBC9800805F33 /* PushNoAnimationSegue.m */,
			);
			name = Classes;
			sourceTree = "<group>";
		};
		E5134B6E182DB4B100805F33 /* SocketRocket */ = {
			isa = PBXGroup;
			children = (
				E5134B6F182DB4B100805F33 /* base64.c */,
				E5134B70182DB4B100805F33 /* base64.h */,
				E5134B71182DB4B100805F33 /* NSData+SRB64Additions.h */,
				E5134B72182DB4B100805F33 /* NSData+SRB64Additions.m */,
				E5134B73182DB4B100805F33 /* SocketRocket-Prefix.pch */,
				E5134B74182DB4B100805F33 /* SRWebSocket.h */,
				E5134B75182DB4B100805F33 /* SRWebSocket.m */,
			);
			path = SocketRocket;
			sourceTree = "<group>";
		};
		E5134B82182DBA7700805F33 /* Manager */ = {
			isa = PBXGroup;
			children = (
				E5134B83182DBA7700805F33 /* DBChatManager.h */,
				E5134B84182DBA7700805F33 /* DBChatManager.m */,
				E5134B85182DBA7700805F33 /* DBMessageManager.h */,
				E5134B86182DBA7700805F33 /* DBMessageManager.m */,
				E5134BD6182DFF4400805F33 /* DBFlightManager.h */,
				E5134BD7182DFF4400805F33 /* DBFlightManager.m */,
			);
			name = Manager;
			path = DataBase/Manager;
			sourceTree = "<group>";
		};
		E5134BB8182DC61100805F33 /* Login */ = {
			isa = PBXGroup;
			children = (
				E5134BBC182DC70400805F33 /* LoginFacebookButton.h */,
				E5134BBD182DC70400805F33 /* LoginFacebookButton.m */,
				E5134BB9182DC62E00805F33 /* LoginView.h */,
				E5134BBA182DC62E00805F33 /* LoginView.m */,
			);
			name = Login;
			sourceTree = "<group>";
		};
		E5192F27182D66FB00FD21A8 = {
			isa = PBXGroup;
			children = (
				E5192F3B182D66FB00FD21A8 /* Flyrtner */,
				E5192F58182D66FB00FD21A8 /* FlyrtnerTests */,
				E5192F32182D66FB00FD21A8 /* Frameworks */,
				E5192F31182D66FB00FD21A8 /* Products */,
			);
			sourceTree = "<group>";
		};
		E5192F31182D66FB00FD21A8 /* Products */ = {
			isa = PBXGroup;
			children = (
				E5192F30182D66FB00FD21A8 /* Flyrtner.app */,
				E5192F50182D66FB00FD21A8 /* FlyrtnerTests.xctest */,
			);
			name = Products;
			sourceTree = "<group>";
		};
		E5192F32182D66FB00FD21A8 /* Frameworks */ = {
			isa = PBXGroup;
			children = (
				E5134BB6182DBF7B00805F33 /* libicucore.dylib */,
				E5134BB4182DBF7600805F33 /* CFNetwork.framework */,
				E5134BAE182DBDAB00805F33 /* Security.framework */,
				E5134BAC182DBDA600805F33 /* Accounts.framework */,
				E5134BAA182DBDA000805F33 /* Social.framework */,
				E5134BA8182DBD8D00805F33 /* SystemConfiguration.framework */,
				E5134B6A182DB4B100805F33 /* FacebookSDK.framework */,
				E5134B6E182DB4B100805F33 /* SocketRocket */,
				E5192F33182D66FB00FD21A8 /* Foundation.framework */,
				E5192F35182D66FB00FD21A8 /* CoreGraphics.framework */,
				E5192F37182D66FB00FD21A8 /* UIKit.framework */,
				E5192F39182D66FB00FD21A8 /* CoreData.framework */,
				E5192F51182D66FB00FD21A8 /* XCTest.framework */,
			);
			name = Frameworks;
			sourceTree = "<group>";
		};
		E5192F3B182D66FB00FD21A8 /* Flyrtner */ = {
			isa = PBXGroup;
			children = (
				E5134BA1182DBC9800805F33 /* Definitions.h */,
				E5134BA2182DBC9800805F33 /* Definitions.m */,
				E5192FB3182D808400FD21A8 /* Model */,
				E5192FA3182D806200FD21A8 /* DataBase */,
				E5192F92182D7FBD00FD21A8 /* Controllers */,
				E5192F7C182D70C900FD21A8 /* API */,
				E5192F44182D66FB00FD21A8 /* AppDelegate.h */,
				E5192F45182D66FB00FD21A8 /* AppDelegate.m */,
				E5192F4A182D66FB00FD21A8 /* Images.xcassets */,
				E5192F3C182D66FB00FD21A8 /* Supporting Files */,
				E5192F68182D67DE00FD21A8 /* Flyrtner.storyboard */,
				E5192F74182D6D3800FD21A8 /* Resources */,
			);
			path = Flyrtner;
			sourceTree = "<group>";
		};
		E5192F3C182D66FB00FD21A8 /* Supporting Files */ = {
			isa = PBXGroup;
			children = (
				E5192F3D182D66FB00FD21A8 /* Flyrtner-Info.plist */,
				E5192F3E182D66FB00FD21A8 /* InfoPlist.strings */,
				E5192F41182D66FB00FD21A8 /* main.m */,
				E5192F43182D66FB00FD21A8 /* Flyrtner-Prefix.pch */,
			);
			name = "Supporting Files";
			sourceTree = "<group>";
		};
		E5192F58182D66FB00FD21A8 /* FlyrtnerTests */ = {
			isa = PBXGroup;
			children = (
				E5192F5E182D66FB00FD21A8 /* FlyrtnerTests.m */,
				E5192F59182D66FB00FD21A8 /* Supporting Files */,
			);
			path = FlyrtnerTests;
			sourceTree = "<group>";
		};
		E5192F59182D66FB00FD21A8 /* Supporting Files */ = {
			isa = PBXGroup;
			children = (
				E5192F5A182D66FB00FD21A8 /* FlyrtnerTests-Info.plist */,
				E5192F5B182D66FB00FD21A8 /* InfoPlist.strings */,
			);
			name = "Supporting Files";
			sourceTree = "<group>";
		};
		E5192F6A182D6B7700FD21A8 /* Flight */ = {
			isa = PBXGroup;
			children = (
				E5134BD3182DE11C00805F33 /* AddFlightView.h */,
				E5134BD4182DE11C00805F33 /* AddFlightView.m */,
				E5192F6B182D6BB800FD21A8 /* FlightCell.h */,
				E5192F6C182D6BB800FD21A8 /* FlightCell.m */,
				E5192F79182D6F2800FD21A8 /* FlightView.h */,
				E5192F7A182D6F2800FD21A8 /* FlightView.m */,
			);
			name = Flight;
			sourceTree = "<group>";
		};
		E5192F71182D6CF300FD21A8 /* Chat */ = {
			isa = PBXGroup;
			children = (
				E5192FC5182D95C100FD21A8 /* ChatView.h */,
				E5192FC6182D95C100FD21A8 /* ChatView.m */,
			);
			name = Chat;
			sourceTree = "<group>";
		};
		E5192F72182D6D0700FD21A8 /* Taxi */ = {
			isa = PBXGroup;
			children = (
				E5192FD5182D96E600FD21A8 /* TaxiCell.h */,
				E5192FD6182D96E600FD21A8 /* TaxiCell.m */,
				E5192FD8182D96FD00FD21A8 /* TaxiView.h */,
				E5192FD9182D96FD00FD21A8 /* TaxiView.m */,
			);
			name = Taxi;
			sourceTree = "<group>";
		};
		E5192F73182D6D1100FD21A8 /* People */ = {
			isa = PBXGroup;
			children = (
				E5192FF8182DA2C000FD21A8 /* PeopleCell.h */,
				E5192FF9182DA2C000FD21A8 /* PeopleCell.m */,
				E5192FBF182D955500FD21A8 /* PeopleView.h */,
				E5192FC0182D955500FD21A8 /* PeopleView.m */,
			);
			name = People;
			sourceTree = "<group>";
		};
		E5192F74182D6D3800FD21A8 /* Resources */ = {
			isa = PBXGroup;
			children = (
				E5134B69182DB2FE00805F33 /* Classes */,
				E5192F75182D6D4000FD21A8 /* Images */,
			);
			name = Resources;
			sourceTree = "<group>";
		};
		E5192F75182D6D4000FD21A8 /* Images */ = {
			isa = PBXGroup;
			children = (
				E5134BC6182DD86B00805F33 /* loginFacebook-logout-pushed.png */,
				E5134BC7182DD86B00805F33 /* loginFacebook-logout-pushed@2x.png */,
				E5134BC8182DD86B00805F33 /* loginFacebook-logout.png */,
				E5134BC9182DD86B00805F33 /* loginFacebook-logout@2x.png */,
				E5134BCA182DD86B00805F33 /* loginFacebook-pushed@2x.png */,
				E5134BCB182DD86B00805F33 /* loginFacebook@2x.png */,
				E5134BC2182DCB2C00805F33 /* loginFacebook-pushed.png */,
				E5134BC3182DCB2C00805F33 /* loginFacebook.png */,
				E5192FDB182D98A300FD21A8 /* Icons */,
				E5192FBB182D950600FD21A8 /* black.png */,
				E5192FBC182D950600FD21A8 /* white.png */,
				E5192FB7182D94B400FD21A8 /* person-anonymous.png */,
				E5192FB8182D94B400FD21A8 /* pink.png */,
			);
			name = Images;
			sourceTree = "<group>";
		};
		E5192F7C182D70C900FD21A8 /* API */ = {
			isa = PBXGroup;
			children = (
				E5192F86182D717700FD21A8 /* BaseApi.h */,
				E5192F87182D717700FD21A8 /* BaseApi.m */,
				E5192F88182D717700FD21A8 /* ChatApi.h */,
				E5192F89182D717700FD21A8 /* ChatApi.m */,
				E5192F8A182D717700FD21A8 /* FlyrtnerApi.h */,
				E5192F8B182D717700FD21A8 /* FlyrtnerApi.m */,
			);
			name = API;
			sourceTree = "<group>";
		};
		E5192F92182D7FBD00FD21A8 /* Controllers */ = {
			isa = PBXGroup;
			children = (
				E5134BB8182DC61100805F33 /* Login */,
				E5134B9C182DBC8D00805F33 /* TabBarController.h */,
				E5134B9D182DBC8D00805F33 /* TabBarController.m */,
				E5192FCB182D964700FD21A8 /* Conversation */,
				E5192F72182D6D0700FD21A8 /* Taxi */,
				E5192F71182D6CF300FD21A8 /* Chat */,
				E5192F6A182D6B7700FD21A8 /* Flight */,
				E5192F73182D6D1100FD21A8 /* People */,
			);
			name = Controllers;
			sourceTree = "<group>";
		};
		E5192FA3182D806200FD21A8 /* DataBase */ = {
			isa = PBXGroup;
			children = (
				E5134B8F182DBB1D00805F33 /* AppDataModel.h */,
				E5134B90182DBB1D00805F33 /* AppDataModel.m */,
				E5134B82182DBA7700805F33 /* Manager */,
				E5192F47182D66FB00FD21A8 /* Flyrtner.xcdatamodeld */,
				E5192FB0182D808000FD21A8 /* DBMessage.h */,
				E5192FB1182D808000FD21A8 /* DBMessage.m */,
				E5192FAD182D808000FD21A8 /* DBAd.h */,
				E5192FAE182D808000FD21A8 /* DBAd.m */,
				E5192FAA182D808000FD21A8 /* DBFlight.h */,
				E5192FAB182D808000FD21A8 /* DBFlight.m */,
				E5192FA7182D808000FD21A8 /* DBChat.h */,
				E5192FA8182D808000FD21A8 /* DBChat.m */,
				E5192FA4182D807F00FD21A8 /* DBUser.h */,
				E5192FA5182D807F00FD21A8 /* DBUser.m */,
			);
			name = DataBase;
			sourceTree = "<group>";
		};
		E5192FB3182D808400FD21A8 /* Model */ = {
			isa = PBXGroup;
			children = (
				E5192FF5182DA0C100FD21A8 /* Message.h */,
				E5192FF6182DA0C100FD21A8 /* Message.m */,
				E5192FB4182D809F00FD21A8 /* Flight.h */,
				E5192FB5182D809F00FD21A8 /* Flight.m */,
				E5192FEC182D9F7900FD21A8 /* Taxi.h */,
				E5192FED182D9F7900FD21A8 /* Taxi.m */,
				E5192FEF182D9FF100FD21A8 /* Person.h */,
				E5192FF0182D9FF100FD21A8 /* Person.m */,
			);
			name = Model;
			sourceTree = "<group>";
		};
		E5192FCB182D964700FD21A8 /* Conversation */ = {
			isa = PBXGroup;
			children = (
				E5192FD2182D96C900FD21A8 /* ConversationCell.h */,
				E5192FD3182D96C900FD21A8 /* ConversationCell.m */,
				E5192FCF182D96B000FD21A8 /* ConversationView.h */,
				E5192FD0182D96B000FD21A8 /* ConversationView.m */,
			);
			name = Conversation;
			sourceTree = "<group>";
		};
		E5192FDB182D98A300FD21A8 /* Icons */ = {
			isa = PBXGroup;
			children = (
				E5192FE6182D9A4F00FD21A8 /* icon-chat@2x.png */,
				E5192FE7182D9A4F00FD21A8 /* icon-people@2x.png */,
				E5192FE8182D9A4F00FD21A8 /* icon-taxi@2x.png */,
				E5192FDC182D98B700FD21A8 /* icon-chat.png */,
				E5192FDD182D98B700FD21A8 /* icon-people.png */,
				E5192FDE182D98B700FD21A8 /* icon-taxi.png */,
			);
			name = Icons;
			sourceTree = "<group>";
		};
/* End PBXGroup section */

/* Begin PBXNativeTarget section */
		E5192F2F182D66FB00FD21A8 /* Flyrtner */ = {
			isa = PBXNativeTarget;
			buildConfigurationList = E5192F62182D66FB00FD21A8 /* Build configuration list for PBXNativeTarget "Flyrtner" */;
			buildPhases = (
				E5192F2C182D66FB00FD21A8 /* Sources */,
				E5192F2D182D66FB00FD21A8 /* Frameworks */,
				E5192F2E182D66FB00FD21A8 /* Resources */,
			);
			buildRules = (
			);
			dependencies = (
			);
			name = Flyrtner;
			productName = Flyrtner;
			productReference = E5192F30182D66FB00FD21A8 /* Flyrtner.app */;
			productType = "com.apple.product-type.application";
		};
		E5192F4F182D66FB00FD21A8 /* FlyrtnerTests */ = {
			isa = PBXNativeTarget;
			buildConfigurationList = E5192F65182D66FB00FD21A8 /* Build configuration list for PBXNativeTarget "FlyrtnerTests" */;
			buildPhases = (
				E5192F4C182D66FB00FD21A8 /* Sources */,
				E5192F4D182D66FB00FD21A8 /* Frameworks */,
				E5192F4E182D66FB00FD21A8 /* Resources */,
			);
			buildRules = (
			);
			dependencies = (
				E5192F57182D66FB00FD21A8 /* PBXTargetDependency */,
			);
			name = FlyrtnerTests;
			productName = FlyrtnerTests;
			productReference = E5192F50182D66FB00FD21A8 /* FlyrtnerTests.xctest */;
			productType = "com.apple.product-type.bundle.unit-test";
		};
/* End PBXNativeTarget section */

/* Begin PBXProject section */
		E5192F28182D66FB00FD21A8 /* Project object */ = {
			isa = PBXProject;
			attributes = {
				LastUpgradeCheck = 0500;
				ORGANIZATIONNAME = "Cabeza la Vaca";
				TargetAttributes = {
					E5192F4F182D66FB00FD21A8 = {
						TestTargetID = E5192F2F182D66FB00FD21A8;
					};
				};
			};
			buildConfigurationList = E5192F2B182D66FB00FD21A8 /* Build configuration list for PBXProject "Flyrtner" */;
			compatibilityVersion = "Xcode 3.2";
			developmentRegion = English;
			hasScannedForEncodings = 0;
			knownRegions = (
				en,
			);
			mainGroup = E5192F27182D66FB00FD21A8;
			productRefGroup = E5192F31182D66FB00FD21A8 /* Products */;
			projectDirPath = "";
			projectRoot = "";
			targets = (
				E5192F2F182D66FB00FD21A8 /* Flyrtner */,
				E5192F4F182D66FB00FD21A8 /* FlyrtnerTests */,
			);
		};
/* End PBXProject section */

/* Begin PBXResourcesBuildPhase section */
		E5192F2E182D66FB00FD21A8 /* Resources */ = {
			isa = PBXResourcesBuildPhase;
			buildActionMask = 2147483647;
			files = (
				E5134BC4182DCB2C00805F33 /* loginFacebook-pushed.png in Resources */,
				E5192FB9182D94B400FD21A8 /* person-anonymous.png in Resources */,
				E5134BCC182DD86B00805F33 /* loginFacebook-logout-pushed.png in Resources */,
				E5192FBA182D94B400FD21A8 /* pink.png in Resources */,
				E5192FE1182D98B700FD21A8 /* icon-taxi.png in Resources */,
				E5134BD0182DD86B00805F33 /* loginFacebook-pushed@2x.png in Resources */,
				E5192F40182D66FB00FD21A8 /* InfoPlist.strings in Resources */,
				E5192FE9182D9A4F00FD21A8 /* icon-chat@2x.png in Resources */,
				E5192F69182D67DE00FD21A8 /* Flyrtner.storyboard in Resources */,
				E5192F4B182D66FB00FD21A8 /* Images.xcassets in Resources */,
				E5192FBE182D950600FD21A8 /* white.png in Resources */,
				E5192FDF182D98B700FD21A8 /* icon-chat.png in Resources */,
				E5134BCE182DD86B00805F33 /* loginFacebook-logout.png in Resources */,
				E5192FEB182D9A4F00FD21A8 /* icon-taxi@2x.png in Resources */,
				E5192FBD182D950600FD21A8 /* black.png in Resources */,
				E5134BC5182DCB2C00805F33 /* loginFacebook.png in Resources */,
				E5192FEA182D9A4F00FD21A8 /* icon-people@2x.png in Resources */,
				E5134BD1182DD86B00805F33 /* loginFacebook@2x.png in Resources */,
				E5134BCF182DD86B00805F33 /* loginFacebook-logout@2x.png in Resources */,
				E5134BCD182DD86B00805F33 /* loginFacebook-logout-pushed@2x.png in Resources */,
				E5192FE0182D98B700FD21A8 /* icon-people.png in Resources */,
			);
			runOnlyForDeploymentPostprocessing = 0;
		};
		E5192F4E182D66FB00FD21A8 /* Resources */ = {
			isa = PBXResourcesBuildPhase;
			buildActionMask = 2147483647;
			files = (
				E5192F5D182D66FB00FD21A8 /* InfoPlist.strings in Resources */,
			);
			runOnlyForDeploymentPostprocessing = 0;
		};
/* End PBXResourcesBuildPhase section */

/* Begin PBXSourcesBuildPhase section */
		E5192F2C182D66FB00FD21A8 /* Sources */ = {
			isa = PBXSourcesBuildPhase;
			buildActionMask = 2147483647;
			files = (
				E5134BB0182DBF1F00805F33 /* base64.h in Sources */,
				E5134BB1182DBF1F00805F33 /* NSData+SRB64Additions.h in Sources */,
				E5134BB2182DBF1F00805F33 /* SocketRocket-Prefix.pch in Sources */,
				E5134BB3182DBF1F00805F33 /* SRWebSocket.h in Sources */,
				E5134BD5182DE11C00805F33 /* AddFlightView.m in Sources */,
				E5134B7A182DB4B100805F33 /* NSData+SRB64Additions.m in Sources */,
				E5192FC7182D95C100FD21A8 /* ChatView.m in Sources */,
				E5192FAF182D808000FD21A8 /* DBAd.m in Sources */,
				E5134B79182DB4B100805F33 /* base64.c in Sources */,
				E5192F46182D66FB00FD21A8 /* AppDelegate.m in Sources */,
				E5192FAC182D808000FD21A8 /* DBFlight.m in Sources */,
				E5192FB2182D808000FD21A8 /* DBMessage.m in Sources */,
				E5192F8C182D717700FD21A8 /* BaseApi.m in Sources */,
				E5192FD1182D96B000FD21A8 /* ConversationView.m in Sources */,
				E5192FD4182D96C900FD21A8 /* ConversationCell.m in Sources */,
				E5134BA6182DBC9800805F33 /* Definitions.m in Sources */,
				E5134BBE182DC70400805F33 /* LoginFacebookButton.m in Sources */,
				E5192F6D182D6BB800FD21A8 /* FlightCell.m in Sources */,
				E5134B7B182DB4B100805F33 /* SRWebSocket.m in Sources */,
				E5192FC1182D955500FD21A8 /* PeopleView.m in Sources */,
				E5192FA6182D807F00FD21A8 /* DBUser.m in Sources */,
				E5134BA5182DBC9800805F33 /* DateFactory.m in Sources */,
				E5134B96182DBB1D00805F33 /* AppDataModel.m in Sources */,
				E5134BC1182DCB1F00805F33 /* AppCore.m in Sources */,
				E5192FF7182DA0C100FD21A8 /* Message.m in Sources */,
				E5134B87182DBA7700805F33 /* DBChatManager.m in Sources */,
				E5192FDA182D96FD00FD21A8 /* TaxiView.m in Sources */,
				E5134BBB182DC62E00805F33 /* LoginView.m in Sources */,
				E5134B88182DBA7700805F33 /* DBMessageManager.m in Sources */,
				E5192FEE182D9F7900FD21A8 /* Taxi.m in Sources */,
				E5192FD7182D96E600FD21A8 /* TaxiCell.m in Sources */,
				E5192FB6182D809F00FD21A8 /* Flight.m in Sources */,
				E5134BA7182DBC9800805F33 /* PushNoAnimationSegue.m in Sources */,
				E5192F8E182D717700FD21A8 /* FlyrtnerApi.m in Sources */,
				E5192FA9182D808000FD21A8 /* DBChat.m in Sources */,
				E5134BD8182DFF4400805F33 /* DBFlightManager.m in Sources */,
				E5192FF1182D9FF100FD21A8 /* Person.m in Sources */,
				E5192F42182D66FB00FD21A8 /* main.m in Sources */,
				E5192F49182D66FB00FD21A8 /* Flyrtner.xcdatamodeld in Sources */,
				E5192F8D182D717700FD21A8 /* ChatApi.m in Sources */,
				E5134B9E182DBC8D00805F33 /* TabBarController.m in Sources */,
				E5192F7B182D6F2800FD21A8 /* FlightView.m in Sources */,
				E5192FFA182DA2C000FD21A8 /* PeopleCell.m in Sources */,
			);
			runOnlyForDeploymentPostprocessing = 0;
		};
		E5192F4C182D66FB00FD21A8 /* Sources */ = {
			isa = PBXSourcesBuildPhase;
			buildActionMask = 2147483647;
			files = (
				E5192F5F182D66FB00FD21A8 /* FlyrtnerTests.m in Sources */,
			);
			runOnlyForDeploymentPostprocessing = 0;
		};
/* End PBXSourcesBuildPhase section */

/* Begin PBXTargetDependency section */
		E5192F57182D66FB00FD21A8 /* PBXTargetDependency */ = {
			isa = PBXTargetDependency;
			target = E5192F2F182D66FB00FD21A8 /* Flyrtner */;
			targetProxy = E5192F56182D66FB00FD21A8 /* PBXContainerItemProxy */;
		};
/* End PBXTargetDependency section */

/* Begin PBXVariantGroup section */
		E5192F3E182D66FB00FD21A8 /* InfoPlist.strings */ = {
			isa = PBXVariantGroup;
			children = (
				E5192F3F182D66FB00FD21A8 /* en */,
			);
			name = InfoPlist.strings;
			sourceTree = "<group>";
		};
		E5192F5B182D66FB00FD21A8 /* InfoPlist.strings */ = {
			isa = PBXVariantGroup;
			children = (
				E5192F5C182D66FB00FD21A8 /* en */,
			);
			name = InfoPlist.strings;
			sourceTree = "<group>";
		};
/* End PBXVariantGroup section */

/* Begin XCBuildConfiguration section */
		E5192F60182D66FB00FD21A8 /* Debug */ = {
			isa = XCBuildConfiguration;
			buildSettings = {
				ALWAYS_SEARCH_USER_PATHS = NO;
				ARCHS = "$(ARCHS_STANDARD_INCLUDING_64_BIT)";
				CLANG_CXX_LANGUAGE_STANDARD = "gnu++0x";
				CLANG_CXX_LIBRARY = "libc++";
				CLANG_ENABLE_MODULES = YES;
				CLANG_ENABLE_OBJC_ARC = YES;
				CLANG_WARN_BOOL_CONVERSION = YES;
				CLANG_WARN_CONSTANT_CONVERSION = YES;
				CLANG_WARN_DIRECT_OBJC_ISA_USAGE = YES_ERROR;
				CLANG_WARN_EMPTY_BODY = YES;
				CLANG_WARN_ENUM_CONVERSION = YES;
				CLANG_WARN_INT_CONVERSION = YES;
				CLANG_WARN_OBJC_ROOT_CLASS = YES_ERROR;
				CLANG_WARN__DUPLICATE_METHOD_MATCH = YES;
				"CODE_SIGN_IDENTITY[sdk=iphoneos*]" = "iPhone Developer";
				COPY_PHASE_STRIP = NO;
				GCC_C_LANGUAGE_STANDARD = gnu99;
				GCC_DYNAMIC_NO_PIC = NO;
				GCC_OPTIMIZATION_LEVEL = 0;
				GCC_PREPROCESSOR_DEFINITIONS = (
					"DEBUG=1",
					"$(inherited)",
				);
				GCC_SYMBOLS_PRIVATE_EXTERN = NO;
				GCC_WARN_64_TO_32_BIT_CONVERSION = YES;
				GCC_WARN_ABOUT_RETURN_TYPE = YES_ERROR;
				GCC_WARN_UNDECLARED_SELECTOR = YES;
				GCC_WARN_UNINITIALIZED_AUTOS = YES;
				GCC_WARN_UNUSED_FUNCTION = YES;
				GCC_WARN_UNUSED_VARIABLE = YES;
				IPHONEOS_DEPLOYMENT_TARGET = 7.0;
				ONLY_ACTIVE_ARCH = YES;
				SDKROOT = iphoneos;
				TARGETED_DEVICE_FAMILY = "1,2";
			};
			name = Debug;
		};
		E5192F61182D66FB00FD21A8 /* Release */ = {
			isa = XCBuildConfiguration;
			buildSettings = {
				ALWAYS_SEARCH_USER_PATHS = NO;
				ARCHS = "$(ARCHS_STANDARD_INCLUDING_64_BIT)";
				CLANG_CXX_LANGUAGE_STANDARD = "gnu++0x";
				CLANG_CXX_LIBRARY = "libc++";
				CLANG_ENABLE_MODULES = YES;
				CLANG_ENABLE_OBJC_ARC = YES;
				CLANG_WARN_BOOL_CONVERSION = YES;
				CLANG_WARN_CONSTANT_CONVERSION = YES;
				CLANG_WARN_DIRECT_OBJC_ISA_USAGE = YES_ERROR;
				CLANG_WARN_EMPTY_BODY = YES;
				CLANG_WARN_ENUM_CONVERSION = YES;
				CLANG_WARN_INT_CONVERSION = YES;
				CLANG_WARN_OBJC_ROOT_CLASS = YES_ERROR;
				CLANG_WARN__DUPLICATE_METHOD_MATCH = YES;
				"CODE_SIGN_IDENTITY[sdk=iphoneos*]" = "iPhone Developer";
				COPY_PHASE_STRIP = YES;
				ENABLE_NS_ASSERTIONS = NO;
				GCC_C_LANGUAGE_STANDARD = gnu99;
				GCC_WARN_64_TO_32_BIT_CONVERSION = YES;
				GCC_WARN_ABOUT_RETURN_TYPE = YES_ERROR;
				GCC_WARN_UNDECLARED_SELECTOR = YES;
				GCC_WARN_UNINITIALIZED_AUTOS = YES;
				GCC_WARN_UNUSED_FUNCTION = YES;
				GCC_WARN_UNUSED_VARIABLE = YES;
				IPHONEOS_DEPLOYMENT_TARGET = 7.0;
				SDKROOT = iphoneos;
				TARGETED_DEVICE_FAMILY = "1,2";
				VALIDATE_PRODUCT = YES;
			};
			name = Release;
		};
		E5192F63182D66FB00FD21A8 /* Debug */ = {
			isa = XCBuildConfiguration;
			buildSettings = {
				ASSETCATALOG_COMPILER_APPICON_NAME = AppIcon;
				ASSETCATALOG_COMPILER_LAUNCHIMAGE_NAME = LaunchImage;
				FRAMEWORK_SEARCH_PATHS = (
					"$(inherited)",
					"/Users/Enri/Development/Vueling/flyrtner-ios/Flyrtner",
				);
				GCC_PRECOMPILE_PREFIX_HEADER = YES;
				GCC_PREFIX_HEADER = "Flyrtner/Flyrtner-Prefix.pch";
				INFOPLIST_FILE = "Flyrtner/Flyrtner-Info.plist";
				LIBRARY_SEARCH_PATHS = (
					"$(inherited)",
					"/Users/Enri/Development/Vueling/flyrtner-ios/Flyrtner",
				);
				OTHER_LDFLAGS = "-ObjC";
				PRODUCT_NAME = "$(TARGET_NAME)";
				WRAPPER_EXTENSION = app;
			};
			name = Debug;
		};
		E5192F64182D66FB00FD21A8 /* Release */ = {
			isa = XCBuildConfiguration;
			buildSettings = {
				ASSETCATALOG_COMPILER_APPICON_NAME = AppIcon;
				ASSETCATALOG_COMPILER_LAUNCHIMAGE_NAME = LaunchImage;
				FRAMEWORK_SEARCH_PATHS = (
					"$(inherited)",
					"/Users/Enri/Development/Vueling/flyrtner-ios/Flyrtner",
				);
				GCC_PRECOMPILE_PREFIX_HEADER = YES;
				GCC_PREFIX_HEADER = "Flyrtner/Flyrtner-Prefix.pch";
				INFOPLIST_FILE = "Flyrtner/Flyrtner-Info.plist";
				LIBRARY_SEARCH_PATHS = (
					"$(inherited)",
					"/Users/Enri/Development/Vueling/flyrtner-ios/Flyrtner",
				);
				OTHER_LDFLAGS = "-ObjC";
				PRODUCT_NAME = "$(TARGET_NAME)";
				WRAPPER_EXTENSION = app;
			};
			name = Release;
		};
		E5192F66182D66FB00FD21A8 /* Debug */ = {
			isa = XCBuildConfiguration;
			buildSettings = {
				ARCHS = "$(ARCHS_STANDARD_INCLUDING_64_BIT)";
				BUNDLE_LOADER = "$(BUILT_PRODUCTS_DIR)/Flyrtner.app/Flyrtner";
				FRAMEWORK_SEARCH_PATHS = (
					"$(SDKROOT)/Developer/Library/Frameworks",
					"$(inherited)",
					"$(DEVELOPER_FRAMEWORKS_DIR)",
				);
				GCC_PRECOMPILE_PREFIX_HEADER = YES;
				GCC_PREFIX_HEADER = "Flyrtner/Flyrtner-Prefix.pch";
				GCC_PREPROCESSOR_DEFINITIONS = (
					"DEBUG=1",
					"$(inherited)",
				);
				INFOPLIST_FILE = "FlyrtnerTests/FlyrtnerTests-Info.plist";
				PRODUCT_NAME = "$(TARGET_NAME)";
				TEST_HOST = "$(BUNDLE_LOADER)";
				WRAPPER_EXTENSION = xctest;
			};
			name = Debug;
		};
		E5192F67182D66FB00FD21A8 /* Release */ = {
			isa = XCBuildConfiguration;
			buildSettings = {
				ARCHS = "$(ARCHS_STANDARD_INCLUDING_64_BIT)";
				BUNDLE_LOADER = "$(BUILT_PRODUCTS_DIR)/Flyrtner.app/Flyrtner";
				FRAMEWORK_SEARCH_PATHS = (
					"$(SDKROOT)/Developer/Library/Frameworks",
					"$(inherited)",
					"$(DEVELOPER_FRAMEWORKS_DIR)",
				);
				GCC_PRECOMPILE_PREFIX_HEADER = YES;
				GCC_PREFIX_HEADER = "Flyrtner/Flyrtner-Prefix.pch";
				INFOPLIST_FILE = "FlyrtnerTests/FlyrtnerTests-Info.plist";
				PRODUCT_NAME = "$(TARGET_NAME)";
				TEST_HOST = "$(BUNDLE_LOADER)";
				WRAPPER_EXTENSION = xctest;
			};
			name = Release;
		};
/* End XCBuildConfiguration section */

/* Begin XCConfigurationList section */
		E5192F2B182D66FB00FD21A8 /* Build configuration list for PBXProject "Flyrtner" */ = {
			isa = XCConfigurationList;
			buildConfigurations = (
				E5192F60182D66FB00FD21A8 /* Debug */,
				E5192F61182D66FB00FD21A8 /* Release */,
			);
			defaultConfigurationIsVisible = 0;
			defaultConfigurationName = Release;
		};
		E5192F62182D66FB00FD21A8 /* Build configuration list for PBXNativeTarget "Flyrtner" */ = {
			isa = XCConfigurationList;
			buildConfigurations = (
				E5192F63182D66FB00FD21A8 /* Debug */,
				E5192F64182D66FB00FD21A8 /* Release */,
			);
			defaultConfigurationIsVisible = 0;
			defaultConfigurationName = Release;
		};
		E5192F65182D66FB00FD21A8 /* Build configuration list for PBXNativeTarget "FlyrtnerTests" */ = {
			isa = XCConfigurationList;
			buildConfigurations = (
				E5192F66182D66FB00FD21A8 /* Debug */,
				E5192F67182D66FB00FD21A8 /* Release */,
			);
			defaultConfigurationIsVisible = 0;
			defaultConfigurationName = Release;
		};
/* End XCConfigurationList section */

/* Begin XCVersionGroup section */
		E5192F47182D66FB00FD21A8 /* Flyrtner.xcdatamodeld */ = {
			isa = XCVersionGroup;
			children = (
				E5192F48182D66FB00FD21A8 /* Flyrtner.xcdatamodel */,
			);
			currentVersion = E5192F48182D66FB00FD21A8 /* Flyrtner.xcdatamodel */;
			path = Flyrtner.xcdatamodeld;
			sourceTree = "<group>";
			versionGroupType = wrapper.xcdatamodel;
		};
/* End XCVersionGroup section */
	};
	rootObject = E5192F28182D66FB00FD21A8 /* Project object */;
}
